<Solution>
  <Folder Name="/docs/">
    <File Path="requests.http" />
  </Folder>
  <Folder Name="/Solution Items/">
    <File Path="Nuget.config" />
    <File Path="ServiceUrls.txt" />
  </Folder>
  <Folder Name="/src/" />
  <Folder Name="/src/ApiGateways/">
    <Project Path="src/ApiGateways/LMS.WebApiGateway/LMS.WebApiGateway.csproj" />
  </Folder>
  <Folder Name="/src/BuildingBlocks/" />
  <Folder Name="/src/BuildingBlocks/Core/">
    <Project Path="src/BuildingBlocks/Core/Core.Domain/Core.Domain.csproj" Id="b7167942-12a6-4071-9e69-c2a1a8370b6e" />
    <Project Path="src/BuildingBlocks/Core/Core.Shared.Models/Core.Shared.Models.csproj" Id="b36efae4-d689-47db-86bd-8912f8e1245e" />
    <Project Path="src/BuildingBlocks/Core/Core.Shared.Options/Core.Shared.Options.csproj" Id="b08fe6a6-d825-4fef-b2ef-61200e8abff3" />
  </Folder>
  <Folder Name="/src/BuildingBlocks/EventBus/">
    <Project Path="src/BuildingBlocks/EventBus/EventBus.AzureServiceBus/EventBus.AzureServiceBus.csproj" />
    <Project Path="src/BuildingBlocks/EventBus/EventBus.Base/EventBus.Base.csproj" />
    <Project Path="src/BuildingBlocks/EventBus/EventBus.Factory/EventBus.Factory.csproj" />
    <Project Path="src/BuildingBlocks/EventBus/EventBus.RabbitMQ/EventBus.RabbitMQ.csproj" />
  </Folder>
  <Folder Name="/src/BuildingBlocks/Infrastructure/">
    <Project Path="src/BuildingBlocks/Infrastrcuture/Infrastructure.Interceptors/Infrastructure.Interceptors.csproj" Id="19a18d08-d35e-44e8-9a14-3c7e7900238c" />
    <Project Path="src/BuildingBlocks/Infrastrcuture/Infrastructure.Services/Infrastructure.Services.csproj" Id="1dbd05fa-4ffe-4709-b56f-7df3d9f09ad8" />
  </Folder>
  <Folder Name="/src/BuildingBlocks/Persistence/">
    <Project Path="src/BuildingBlocks/Persistence/Persistence.Base/Persistence.Base.csproj" Id="c650601b-6f48-4bca-bef5-1bf4e3c625e4" />
    <Project Path="src/BuildingBlocks/Persistence/Persistence.EntityFramework/Persistence.EntityFramework.csproj" Id="ec3a531d-3585-4fcd-b5c6-840847ea04b4" />
  </Folder>
  <Folder Name="/src/Services/" />
  <Folder Name="/src/Services/CertificationService/">
    <Project Path="src/Services/CertificationService/CertificationService.Api/CertificationService.Api.csproj" />
    <Project Path="src/Services/CertificationService/CertificationService.Business/CertificationService.Business.csproj" />
    <Project Path="src/Services/CertificationService/CertificationService.DataAccess/CertificationService.DataAccess.csproj" />
    <Project Path="src/Services/CertificationService/CertificationService.Entities/CertificationService.Entities.csproj" />
  </Folder>
  <Folder Name="/src/Services/CourseService/">
    <Project Path="src/Services/CourseService/CourseService.Api/CourseService.Api.csproj" />
    <Project Path="src/Services/CourseService/CourseService.Applcation/CourseService.Applcation.csproj" />
    <Project Path="src/Services/CourseService/CourseService.Domain/CourseService.Domain.csproj" />
    <Project Path="src/Services/CourseService/CourseService.Persistence/CourseService.Persistence.csproj" />
  </Folder>
  <Folder Name="/src/Services/EnrollmentService/">
    <Project Path="src/Services/EnrollmentService/EnrollmentService.Api/EnrollmentService.Api.csproj" />
    <Project Path="src/Services/EnrollmentService/EnrollmentService.Application/EnrollmentService.Application.csproj" />
    <Project Path="src/Services/EnrollmentService/EnrollmentService.Domain/EnrollmentService.Domain.csproj" />
    <Project Path="src/Services/EnrollmentService/EnrollmentService.Persistence/EnrollmentService.Persistence.csproj" />
  </Folder>
  <Folder Name="/src/Services/IdentityService/">
    <Project Path="src/Services/IdentityService/IdentityService.Api/IdentityService.Api.csproj" />
    <Project Path="src/Services/IdentityService/IdentityService.Business/IdentityService.Business.csproj" />
    <Project Path="src/Services/IdentityService/IdentityService.DataAccess/IdentityService.DataAccess.csproj" />
    <Project Path="src/Services/IdentityService/IdentityService.Entities/IdentityService.Entities.csproj" />
  </Folder>
  <Folder Name="/src/Services/InstructorService/">
    <Project Path="src/Services/InstructorService/InstructorService.Api/InstructorService.Api.csproj" />
    <Project Path="src/Services/InstructorService/InstructorService.Application/InstructorService.Application.csproj" />
    <Project Path="src/Services/InstructorService/InstructorService.Domain/InstructorService.Domain.csproj" />
    <Project Path="src/Services/InstructorService/InstructorService.Persistence/InstructorService.Persistence.csproj" />
  </Folder>
  <Folder Name="/src/Services/NotificationService/">
    <Project Path="src/Services/NotificationService/NotificationService.Api/NotificationService.Api.csproj" Id="4f3f96d4-9e15-4e72-a75f-d019c463052d" />
    <Project Path="src/Services/NotificationService/NotificationService.Application/NotificationService.Application.csproj" Id="12b1dc8a-4742-441e-b305-4b4b1e005330" />
    <Project Path="src/Services/NotificationService/NotificationService.Infrastructure/NotificationService.Infrastructure.csproj" Id="33700ae9-4646-46d1-9a60-553b397add02" />
  </Folder>
  <Folder Name="/src/Services/PaymentService/">
    <Project Path="src/Services/PaymentService/PaymentService.Api/PaymentService.Api.csproj" />
    <Project Path="src/Services/PaymentService/PaymentService.Business/PaymentService.Business.csproj" />
    <Project Path="src/Services/PaymentService/PaymentService.DataAccess/PaymentService.DataAccess.csproj" />
    <Project Path="src/Services/PaymentService/PaymentService.Entities/PaymentService.Entities.csproj" />
  </Folder>
  <Folder Name="/src/Services/SubmissionService/">
    <Project Path="src/Services/SubmissionService/SubmissionService.Api/SubmissionService.Api.csproj" />
    <Project Path="src/Services/SubmissionService/SubmissionService.Application/SubmissionService.Application.csproj" />
    <Project Path="src/Services/SubmissionService/SubmissionService.Domain/SubmissionService.Domain.csproj" />
    <Project Path="src/Services/SubmissionService/SubmissionService.Persistence/SubmissionService.Persistence.csproj" />
  </Folder>
  <Folder Name="/tests/" />
  <Folder Name="/tests/BuildingBlocks/" />
  <Folder Name="/tests/BuildingBlocks/EventBus/">
    <Project Path="tests/BuildingBlocks/EventBus/EventBus.UnitTest/EventBus.UnitTest.csproj" Id="da417ca2-bcf5-4afa-bb5b-d3b8253d5513" />
  </Folder>
</Solution>
